
Microsoft Visual Studio Solution File, Format Version 12.00
# Visual Studio Version 17
VisualStudioVersion = 17.5.002.0
MinimumVisualStudioVersion = 10.0.40219.1
Project("{9A19103F-16F7-4668-BE54-9A1E7A4F7556}") = "C#", "C#.csproj", "{D5151638-8954-4DD3-BB72-B777DE6CB29A}"
EndProject
Global
	GlobalSection(SolutionConfigurationPlatforms) = preSolution
		Debug|Any CPU = Debug|Any CPU
		Release|Any CPU = Release|Any CPU
	EndGlobalSection
	GlobalSection(ProjectConfigurationPlatforms) = postSolution
		{D5151638-8954-4DD3-BB72-B777DE6CB29A}.Debug|Any CPU.ActiveCfg = Debug|Any CPU
		{D5151638-8954-4DD3-BB72-B777DE6CB29A}.Debug|Any CPU.Build.0 = Debug|Any CPU
		{D5151638-8954-4DD3-BB72-B777DE6CB29A}.Release|Any CPU.ActiveCfg = Release|Any CPU
		{D5151638-8954-4DD3-BB72-B777DE6CB29A}.Release|Any CPU.Build.0 = Release|Any CPU
	EndGlobalSection
	GlobalSection(SolutionProperties) = preSolution
		HideSolutionNode = FALSE
	EndGlobalSection
	GlobalSection(ExtensibilityGlobals) = postSolution
		SolutionGuid = {F402B23E-AB2F-4C20-B164-E35770DFEB21}
	EndGlobalSection
EndGlobal
